// !$*UTF8*$!
{
	archiveVersion = 1;
	classes = {
	};
	objectVersion = 56;
	objects = {

/* Begin PBXBuildFile section */
		59315A322BEBBA8400CCEFA3 /* AppDelegate.swift in Sources */ = {isa = PBXBuildFile; fileRef = 59315A312BEBBA8400CCEFA3 /* AppDelegate.swift */; };
		59315A342BEBBA8400CCEFA3 /* SceneDelegate.swift in Sources */ = {isa = PBXBuildFile; fileRef = 59315A332BEBBA8400CCEFA3 /* SceneDelegate.swift */; };
		59315A362BEBBA8400CCEFA3 /* MainPageViewController.swift in Sources */ = {isa = PBXBuildFile; fileRef = 59315A352BEBBA8400CCEFA3 /* MainPageViewController.swift */; };
		59315A3B2BEBBA8600CCEFA3 /* Assets.xcassets in Resources */ = {isa = PBXBuildFile; fileRef = 59315A3A2BEBBA8600CCEFA3 /* Assets.xcassets */; };
		59315A3E2BEBBA8600CCEFA3 /* LaunchScreen.storyboard in Resources */ = {isa = PBXBuildFile; fileRef = 59315A3C2BEBBA8600CCEFA3 /* LaunchScreen.storyboard */; };
		59315A4D2BEBBE2500CCEFA3 /* MainPageView.swift in Sources */ = {isa = PBXBuildFile; fileRef = 59315A4C2BEBBE2500CCEFA3 /* MainPageView.swift */; };
		59315A4F2BEBBE3600CCEFA3 /* MainPageViewModel.swift in Sources */ = {isa = PBXBuildFile; fileRef = 59315A4E2BEBBE3600CCEFA3 /* MainPageViewModel.swift */; };
		59315A522BEBE4BC00CCEFA3 /* myNetworkPackage in Frameworks */ = {isa = PBXBuildFile; productRef = 59315A512BEBE4BC00CCEFA3 /* myNetworkPackage */; };
		59315A542BEBEE8B00CCEFA3 /* PhotoModel.swift in Sources */ = {isa = PBXBuildFile; fileRef = 59315A532BEBEE8B00CCEFA3 /* PhotoModel.swift */; };
		59315A572BEBFAA700CCEFA3 /* MainPageCell.swift in Sources */ = {isa = PBXBuildFile; fileRef = 59315A562BEBFAA700CCEFA3 /* MainPageCell.swift */; };
		59315A592BEC116200CCEFA3 /* UIimageExtension.swift in Sources */ = {isa = PBXBuildFile; fileRef = 59315A582BEC116200CCEFA3 /* UIimageExtension.swift */; };
		59315A5D2BED006100CCEFA3 /* FullScreenViewController.swift in Sources */ = {isa = PBXBuildFile; fileRef = 59315A5C2BED006100CCEFA3 /* FullScreenViewController.swift */; };
		59315A5F2BED00B600CCEFA3 /* FullScreenViewModel.swift in Sources */ = {isa = PBXBuildFile; fileRef = 59315A5E2BED00B600CCEFA3 /* FullScreenViewModel.swift */; };
		59315A612BED033500CCEFA3 /* FullScreenCell.swift in Sources */ = {isa = PBXBuildFile; fileRef = 59315A602BED033500CCEFA3 /* FullScreenCell.swift */; };
/* End PBXBuildFile section */

/* Begin PBXFileReference section */
		59315A2E2BEBBA8400CCEFA3 /* Assignment22.app */ = {isa = PBXFileReference; explicitFileType = wrapper.application; includeInIndex = 0; path = Assignment22.app; sourceTree = BUILT_PRODUCTS_DIR; };
		59315A312BEBBA8400CCEFA3 /* AppDelegate.swift */ = {isa = PBXFileReference; lastKnownFileType = sourcecode.swift; path = AppDelegate.swift; sourceTree = "<group>"; };
		59315A332BEBBA8400CCEFA3 /* SceneDelegate.swift */ = {isa = PBXFileReference; lastKnownFileType = sourcecode.swift; path = SceneDelegate.swift; sourceTree = "<group>"; };
		59315A352BEBBA8400CCEFA3 /* MainPageViewController.swift */ = {isa = PBXFileReference; lastKnownFileType = sourcecode.swift; path = MainPageViewController.swift; sourceTree = "<group>"; };
		59315A3A2BEBBA8600CCEFA3 /* Assets.xcassets */ = {isa = PBXFileReference; lastKnownFileType = folder.assetcatalog; path = Assets.xcassets; sourceTree = "<group>"; };
		59315A3D2BEBBA8600CCEFA3 /* Base */ = {isa = PBXFileReference; lastKnownFileType = file.storyboard; name = Base; path = Base.lproj/LaunchScreen.storyboard; sourceTree = "<group>"; };
		59315A3F2BEBBA8600CCEFA3 /* Info.plist */ = {isa = PBXFileReference; lastKnownFileType = text.plist.xml; path = Info.plist; sourceTree = "<group>"; };
		59315A4C2BEBBE2500CCEFA3 /* MainPageView.swift */ = {isa = PBXFileReference; lastKnownFileType = sourcecode.swift; path = MainPageView.swift; sourceTree = "<group>"; };
		59315A4E2BEBBE3600CCEFA3 /* MainPageViewModel.swift */ = {isa = PBXFileReference; lastKnownFileType = sourcecode.swift; path = MainPageViewModel.swift; sourceTree = "<group>"; };
		59315A532BEBEE8B00CCEFA3 /* PhotoModel.swift */ = {isa = PBXFileReference; lastKnownFileType = sourcecode.swift; path = PhotoModel.swift; sourceTree = "<group>"; };
		59315A562BEBFAA700CCEFA3 /* MainPageCell.swift */ = {isa = PBXFileReference; lastKnownFileType = sourcecode.swift; path = MainPageCell.swift; sourceTree = "<group>"; };
		59315A582BEC116200CCEFA3 /* UIimageExtension.swift */ = {isa = PBXFileReference; lastKnownFileType = sourcecode.swift; path = UIimageExtension.swift; sourceTree = "<group>"; };
		59315A5C2BED006100CCEFA3 /* FullScreenViewController.swift */ = {isa = PBXFileReference; lastKnownFileType = sourcecode.swift; path = FullScreenViewController.swift; sourceTree = "<group>"; };
		59315A5E2BED00B600CCEFA3 /* FullScreenViewModel.swift */ = {isa = PBXFileReference; lastKnownFileType = sourcecode.swift; path = FullScreenViewModel.swift; sourceTree = "<group>"; };
		59315A602BED033500CCEFA3 /* FullScreenCell.swift */ = {isa = PBXFileReference; lastKnownFileType = sourcecode.swift; path = FullScreenCell.swift; sourceTree = "<group>"; };
/* End PBXFileReference section */

/* Begin PBXFrameworksBuildPhase section */
		59315A2B2BEBBA8400CCEFA3 /* Frameworks */ = {
			isa = PBXFrameworksBuildPhase;
			buildActionMask = 2147483647;
			files = (
				59315A522BEBE4BC00CCEFA3 /* myNetworkPackage in Frameworks */,
			);
			runOnlyForDeploymentPostprocessing = 0;
		};
/* End PBXFrameworksBuildPhase section */

/* Begin PBXGroup section */
		59315A252BEBBA8400CCEFA3 = {
			isa = PBXGroup;
			children = (
				59315A302BEBBA8400CCEFA3 /* Assignment22 */,
				59315A2F2BEBBA8400CCEFA3 /* Products */,
			);
			sourceTree = "<group>";
		};
		59315A2F2BEBBA8400CCEFA3 /* Products */ = {
			isa = PBXGroup;
			children = (
				59315A2E2BEBBA8400CCEFA3 /* Assignment22.app */,
			);
			name = Products;
			sourceTree = "<group>";
		};
		59315A302BEBBA8400CCEFA3 /* Assignment22 */ = {
			isa = PBXGroup;
			children = (
				59315A552BEBFA4100CCEFA3 /* Cells */,
				59315A492BEBBD7200CCEFA3 /* Model */,
				59315A472BEBBCDD00CCEFA3 /* Scenes */,
				59315A462BEBBCC700CCEFA3 /* Supporting */,
				59315A452BEBBCA600CCEFA3 /* Resources */,
			);
			path = Assignment22;
			sourceTree = "<group>";
		};
		59315A452BEBBCA600CCEFA3 /* Resources */ = {
			isa = PBXGroup;
			children = (
				59315A3A2BEBBA8600CCEFA3 /* Assets.xcassets */,
				59315A3F2BEBBA8600CCEFA3 /* Info.plist */,
			);
			path = Resources;
			sourceTree = "<group>";
		};
		59315A462BEBBCC700CCEFA3 /* Supporting */ = {
			isa = PBXGroup;
			children = (
				59315A312BEBBA8400CCEFA3 /* AppDelegate.swift */,
				59315A332BEBBA8400CCEFA3 /* SceneDelegate.swift */,
				59315A3C2BEBBA8600CCEFA3 /* LaunchScreen.storyboard */,
			);
			path = Supporting;
			sourceTree = "<group>";
		};
		59315A472BEBBCDD00CCEFA3 /* Scenes */ = {
			isa = PBXGroup;
			children = (
				59315A482BEBBD5800CCEFA3 /* Mainpage */,
				59315A4A2BEBBD7B00CCEFA3 /* FullScreen */,
			);
			path = Scenes;
			sourceTree = "<group>";
		};
		59315A482BEBBD5800CCEFA3 /* Mainpage */ = {
			isa = PBXGroup;
			children = (
				59315A352BEBBA8400CCEFA3 /* MainPageViewController.swift */,
				59315A4C2BEBBE2500CCEFA3 /* MainPageView.swift */,
				59315A4E2BEBBE3600CCEFA3 /* MainPageViewModel.swift */,
				59315A582BEC116200CCEFA3 /* UIimageExtension.swift */,
			);
			path = Mainpage;
			sourceTree = "<group>";
		};
		59315A492BEBBD7200CCEFA3 /* Model */ = {
			isa = PBXGroup;
			children = (
				59315A532BEBEE8B00CCEFA3 /* PhotoModel.swift */,
			);
			path = Model;
			sourceTree = "<group>";
		};
		59315A4A2BEBBD7B00CCEFA3 /* FullScreen */ = {
			isa = PBXGroup;
			children = (
				59315A5C2BED006100CCEFA3 /* FullScreenViewController.swift */,
				59315A5E2BED00B600CCEFA3 /* FullScreenViewModel.swift */,
			);
			path = FullScreen;
			sourceTree = "<group>";
		};
		59315A552BEBFA4100CCEFA3 /* Cells */ = {
			isa = PBXGroup;
			children = (
				59315A562BEBFAA700CCEFA3 /* MainPageCell.swift */,
				59315A602BED033500CCEFA3 /* FullScreenCell.swift */,
			);
			path = Cells;
			sourceTree = "<group>";
		};
/* End PBXGroup section */

/* Begin PBXNativeTarget section */
		59315A2D2BEBBA8400CCEFA3 /* Assignment22 */ = {
			isa = PBXNativeTarget;
			buildConfigurationList = 59315A422BEBBA8600CCEFA3 /* Build configuration list for PBXNativeTarget "Assignment22" */;
			buildPhases = (
				59315A2A2BEBBA8400CCEFA3 /* Sources */,
				59315A2B2BEBBA8400CCEFA3 /* Frameworks */,
				59315A2C2BEBBA8400CCEFA3 /* Resources */,
			);
			buildRules = (
			);
			dependencies = (
			);
			name = Assignment22;
			packageProductDependencies = (
				59315A512BEBE4BC00CCEFA3 /* myNetworkPackage */,
			);
			productName = Assignment22;
			productReference = 59315A2E2BEBBA8400CCEFA3 /* Assignment22.app */;
			productType = "com.apple.product-type.application";
		};
/* End PBXNativeTarget section */

/* Begin PBXProject section */
		59315A262BEBBA8400CCEFA3 /* Project object */ = {
			isa = PBXProject;
			attributes = {
				BuildIndependentTargetsInParallel = 1;
				LastSwiftUpdateCheck = 1430;
				LastUpgradeCheck = 1430;
				TargetAttributes = {
					59315A2D2BEBBA8400CCEFA3 = {
						CreatedOnToolsVersion = 14.3.1;
					};
				};
			};
			buildConfigurationList = 59315A292BEBBA8400CCEFA3 /* Build configuration list for PBXProject "Assignment22" */;
			compatibilityVersion = "Xcode 14.0";
			developmentRegion = en;
			hasScannedForEncodings = 0;
			knownRegions = (
				en,
				Base,
			);
			mainGroup = 59315A252BEBBA8400CCEFA3;
			packageReferences = (
				59315A502BEBE4BC00CCEFA3 /* XCRemoteSwiftPackageReference "NetWorking-Package" */,
			);
			productRefGroup = 59315A2F2BEBBA8400CCEFA3 /* Products */;
			projectDirPath = "";
			projectRoot = "";
			targets = (
				59315A2D2BEBBA8400CCEFA3 /* Assignment22 */,
			);
		};
/* End PBXProject section */

/* Begin PBXResourcesBuildPhase section */
		59315A2C2BEBBA8400CCEFA3 /* Resources */ = {
			isa = PBXResourcesBuildPhase;
			buildActionMask = 2147483647;
			files = (
				59315A3E2BEBBA8600CCEFA3 /* LaunchScreen.storyboard in Resources */,
				59315A3B2BEBBA8600CCEFA3 /* Assets.xcassets in Resources */,
			);
			runOnlyForDeploymentPostprocessing = 0;
		};
/* End PBXResourcesBuildPhase section */

/* Begin PBXSourcesBuildPhase section */
		59315A2A2BEBBA8400CCEFA3 /* Sources */ = {
			isa = PBXSourcesBuildPhase;
			buildActionMask = 2147483647;
			files = (
				59315A542BEBEE8B00CCEFA3 /* PhotoModel.swift in Sources */,
				59315A362BEBBA8400CCEFA3 /* MainPageViewController.swift in Sources */,
				59315A322BEBBA8400CCEFA3 /* AppDelegate.swift in Sources */,
				59315A572BEBFAA700CCEFA3 /* MainPageCell.swift in Sources */,
				59315A4F2BEBBE3600CCEFA3 /* MainPageViewModel.swift in Sources */,
				59315A5D2BED006100CCEFA3 /* FullScreenViewController.swift in Sources */,
				59315A4D2BEBBE2500CCEFA3 /* MainPageView.swift in Sources */,
				59315A342BEBBA8400CCEFA3 /* SceneDelegate.swift in Sources */,
				59315A612BED033500CCEFA3 /* FullScreenCell.swift in Sources */,
				59315A592BEC116200CCEFA3 /* UIimageExtension.swift in Sources */,
				59315A5F2BED00B600CCEFA3 /* FullScreenViewModel.swift in Sources */,
			);
			runOnlyForDeploymentPostprocessing = 0;
		};
/* End PBXSourcesBuildPhase section */

/* Begin PBXVariantGroup section */
		59315A3C2BEBBA8600CCEFA3 /* LaunchScreen.storyboard */ = {
			isa = PBXVariantGroup;
			children = (
				59315A3D2BEBBA8600CCEFA3 /* Base */,
			);
			name = LaunchScreen.storyboard;
			sourceTree = "<group>";
		};
/* End PBXVariantGroup section */

/* Begin XCBuildConfiguration section */
		59315A402BEBBA8600CCEFA3 /* Debug */ = {
			isa = XCBuildConfiguration;
			buildSettings = {
				ALWAYS_SEARCH_USER_PATHS = NO;
				CLANG_ANALYZER_NONNULL = YES;
				CLANG_ANALYZER_NUMBER_OBJECT_CONVERSION = YES_AGGRESSIVE;
				CLANG_CXX_LANGUAGE_STANDARD = "gnu++20";
				CLANG_ENABLE_MODULES = YES;
				CLANG_ENABLE_OBJC_ARC = YES;
				CLANG_ENABLE_OBJC_WEAK = YES;
				CLANG_WARN_BLOCK_CAPTURE_AUTORELEASING = YES;
				CLANG_WARN_BOOL_CONVERSION = YES;
				CLANG_WARN_COMMA = YES;
				CLANG_WARN_CONSTANT_CONVERSION = YES;
				CLANG_WARN_DEPRECATED_OBJC_IMPLEMENTATIONS = YES;
				CLANG_WARN_DIRECT_OBJC_ISA_USAGE = YES_ERROR;
				CLANG_WARN_DOCUMENTATION_COMMENTS = YES;
				CLANG_WARN_EMPTY_BODY = YES;
				CLANG_WARN_ENUM_CONVERSION = YES;
				CLANG_WARN_INFINITE_RECURSION = YES;
				CLANG_WARN_INT_CONVERSION = YES;
				CLANG_WARN_NON_LITERAL_NULL_CONVERSION = YES;
				CLANG_WARN_OBJC_IMPLICIT_RETAIN_SELF = YES;
				CLANG_WARN_OBJC_LITERAL_CONVERSION = YES;
				CLANG_WARN_OBJC_ROOT_CLASS = YES_ERROR;
				CLANG_WARN_QUOTED_INCLUDE_IN_FRAMEWORK_HEADER = YES;
				CLANG_WARN_RANGE_LOOP_ANALYSIS = YES;
				CLANG_WARN_STRICT_PROTOTYPES = YES;
				CLANG_WARN_SUSPICIOUS_MOVE = YES;
				CLANG_WARN_UNGUARDED_AVAILABILITY = YES_AGGRESSIVE;
				CLANG_WARN_UNREACHABLE_CODE = YES;
				CLANG_WARN__DUPLICATE_METHOD_MATCH = YES;
				COPY_PHASE_STRIP = NO;
				DEBUG_INFORMATION_FORMAT = dwarf;
				ENABLE_STRICT_OBJC_MSGSEND = YES;
				ENABLE_TESTABILITY = YES;
				GCC_C_LANGUAGE_STANDARD = gnu11;
				GCC_DYNAMIC_NO_PIC = NO;
				GCC_NO_COMMON_BLOCKS = YES;
				GCC_OPTIMIZATION_LEVEL = 0;
				GCC_PREPROCESSOR_DEFINITIONS = (
					"DEBUG=1",
					"$(inherited)",
				);
				GCC_WARN_64_TO_32_BIT_CONVERSION = YES;
				GCC_WARN_ABOUT_RETURN_TYPE = YES_ERROR;
				GCC_WARN_UNDECLARED_SELECTOR = YES;
				GCC_WARN_UNINITIALIZED_AUTOS = YES_AGGRESSIVE;
				GCC_WARN_UNUSED_FUNCTION = YES;
				GCC_WARN_UNUSED_VARIABLE = YES;
				IPHONEOS_DEPLOYMENT_TARGET = 16.4;
				MTL_ENABLE_DEBUG_INFO = INCLUDE_SOURCE;
				MTL_FAST_MATH = YES;
				ONLY_ACTIVE_ARCH = YES;
				SDKROOT = iphoneos;
				SWIFT_ACTIVE_COMPILATION_CONDITIONS = DEBUG;
				SWIFT_OPTIMIZATION_LEVEL = "-Onone";
			};
			name = Debug;
		};
		59315A412BEBBA8600CCEFA3 /* Release */ = {
			isa = XCBuildConfiguration;
			buildSettings = {
				ALWAYS_SEARCH_USER_PATHS = NO;
				CLANG_ANALYZER_NONNULL = YES;
				CLANG_ANALYZER_NUMBER_OBJECT_CONVERSION = YES_AGGRESSIVE;
				CLANG_CXX_LANGUAGE_STANDARD = "gnu++20";
				CLANG_ENABLE_MODULES = YES;
				CLANG_ENABLE_OBJC_ARC = YES;
				CLANG_ENABLE_OBJC_WEAK = YES;
				CLANG_WARN_BLOCK_CAPTURE_AUTORELEASING = YES;
				CLANG_WARN_BOOL_CONVERSION = YES;
				CLANG_WARN_COMMA = YES;
				CLANG_WARN_CONSTANT_CONVERSION = YES;
				CLANG_WARN_DEPRECATED_OBJC_IMPLEMENTATIONS = YES;
				CLANG_WARN_DIRECT_OBJC_ISA_USAGE = YES_ERROR;
				CLANG_WARN_DOCUMENTATION_COMMENTS = YES;
				CLANG_WARN_EMPTY_BODY = YES;
				CLANG_WARN_ENUM_CONVERSION = YES;
				CLANG_WARN_INFINITE_RECURSION = YES;
				CLANG_WARN_INT_CONVERSION = YES;
				CLANG_WARN_NON_LITERAL_NULL_CONVERSION = YES;
				CLANG_WARN_OBJC_IMPLICIT_RETAIN_SELF = YES;
				CLANG_WARN_OBJC_LITERAL_CONVERSION = YES;
				CLANG_WARN_OBJC_ROOT_CLASS = YES_ERROR;
				CLANG_WARN_QUOTED_INCLUDE_IN_FRAMEWORK_HEADER = YES;
				CLANG_WARN_RANGE_LOOP_ANALYSIS = YES;
				CLANG_WARN_STRICT_PROTOTYPES = YES;
				CLANG_WARN_SUSPICIOUS_MOVE = YES;
				CLANG_WARN_UNGUARDED_AVAILABILITY = YES_AGGRESSIVE;
				CLANG_WARN_UNREACHABLE_CODE = YES;
				CLANG_WARN__DUPLICATE_METHOD_MATCH = YES;
				COPY_PHASE_STRIP = NO;
				DEBUG_INFORMATION_FORMAT = "dwarf-with-dsym";
				ENABLE_NS_ASSERTIONS = NO;
				ENABLE_STRICT_OBJC_MSGSEND = YES;
				GCC_C_LANGUAGE_STANDARD = gnu11;
				GCC_NO_COMMON_BLOCKS = YES;
				GCC_WARN_64_TO_32_BIT_CONVERSION = YES;
				GCC_WARN_ABOUT_RETURN_TYPE = YES_ERROR;
				GCC_WARN_UNDECLARED_SELECTOR = YES;
				GCC_WARN_UNINITIALIZED_AUTOS = YES_AGGRESSIVE;
				GCC_WARN_UNUSED_FUNCTION = YES;
				GCC_WARN_UNUSED_VARIABLE = YES;
				IPHONEOS_DEPLOYMENT_TARGET = 16.4;
				MTL_ENABLE_DEBUG_INFO = NO;
				MTL_FAST_MATH = YES;
				SDKROOT = iphoneos;
				SWIFT_COMPILATION_MODE = wholemodule;
				SWIFT_OPTIMIZATION_LEVEL = "-O";
				VALIDATE_PRODUCT = YES;
			};
			name = Release;
		};
		59315A432BEBBA8600CCEFA3 /* Debug */ = {
			isa = XCBuildConfiguration;
			buildSettings = {
				ASSETCATALOG_COMPILER_APPICON_NAME = AppIcon;
				ASSETCATALOG_COMPILER_GLOBAL_ACCENT_COLOR_NAME = AccentColor;
				CODE_SIGN_STYLE = Automatic;
				CURRENT_PROJECT_VERSION = 1;
				GENERATE_INFOPLIST_FILE = YES;
				INFOPLIST_FILE = Assignment22/Resources/Info.plist;
				INFOPLIST_KEY_UIApplicationSupportsIndirectInputEvents = YES;
				INFOPLIST_KEY_UILaunchStoryboardName = LaunchScreen;
				INFOPLIST_KEY_UISupportedInterfaceOrientations_iPad = "UIInterfaceOrientationPortrait UIInterfaceOrientationPortraitUpsideDown UIInterfaceOrientationLandscapeLeft UIInterfaceOrientationLandscapeRight";
				INFOPLIST_KEY_UISupportedInterfaceOrientations_iPhone = "UIInterfaceOrientationPortrait UIInterfaceOrientationLandscapeLeft UIInterfaceOrientationLandscapeRight";
				LD_RUNPATH_SEARCH_PATHS = (
					"$(inherited)",
					"@executable_path/Frameworks",
				);
				MARKETING_VERSION = 1.0;
				PRODUCT_BUNDLE_IDENTIFIER = com.your.TBC.Assignment22;
				PRODUCT_NAME = "$(TARGET_NAME)";
				SWIFT_EMIT_LOC_STRINGS = YES;
				SWIFT_VERSION = 5.0;
				TARGETED_DEVICE_FAMILY = "1,2";
			};
			name = Debug;
		};
		59315A442BEBBA8600CCEFA3 /* Release */ = {
			isa = XCBuildConfiguration;
			buildSettings = {
				ASSETCATALOG_COMPILER_APPICON_NAME = AppIcon;
				ASSETCATALOG_COMPILER_GLOBAL_ACCENT_COLOR_NAME = AccentColor;
				CODE_SIGN_STYLE = Automatic;
				CURRENT_PROJECT_VERSION = 1;
				GENERATE_INFOPLIST_FILE = YES;
				INFOPLIST_FILE = Assignment22/Resources/Info.plist;
				INFOPLIST_KEY_UIApplicationSupportsIndirectInputEvents = YES;
				INFOPLIST_KEY_UILaunchStoryboardName = LaunchScreen;
				INFOPLIST_KEY_UISupportedInterfaceOrientations_iPad = "UIInterfaceOrientationPortrait UIInterfaceOrientationPortraitUpsideDown UIInterfaceOrientationLandscapeLeft UIInterfaceOrientationLandscapeRight";
				INFOPLIST_KEY_UISupportedInterfaceOrientations_iPhone = "UIInterfaceOrientationPortrait UIInterfaceOrientationLandscapeLeft UIInterfaceOrientationLandscapeRight";
				LD_RUNPATH_SEARCH_PATHS = (
					"$(inherited)",
					"@executable_path/Frameworks",
				);
				MARKETING_VERSION = 1.0;
				PRODUCT_BUNDLE_IDENTIFIER = com.your.TBC.Assignment22;
				PRODUCT_NAME = "$(TARGET_NAME)";
				SWIFT_EMIT_LOC_STRINGS = YES;
				SWIFT_VERSION = 5.0;
				TARGETED_DEVICE_FAMILY = "1,2";
			};
			name = Release;
		};
/* End XCBuildConfiguration section */

/* Begin XCConfigurationList section */
		59315A292BEBBA8400CCEFA3 /* Build configuration list for PBXProject "Assignment22" */ = {
			isa = XCConfigurationList;
			buildConfigurations = (
				59315A402BEBBA8600CCEFA3 /* Debug */,
				59315A412BEBBA8600CCEFA3 /* Release */,
			);
			defaultConfigurationIsVisible = 0;
			defaultConfigurationName = Release;
		};
		59315A422BEBBA8600CCEFA3 /* Build configuration list for PBXNativeTarget "Assignment22" */ = {
			isa = XCConfigurationList;
			buildConfigurations = (
				59315A432BEBBA8600CCEFA3 /* Debug */,
				59315A442BEBBA8600CCEFA3 /* Release */,
			);
			defaultConfigurationIsVisible = 0;
			defaultConfigurationName = Release;
		};
/* End XCConfigurationList section */

/* Begin XCRemoteSwiftPackageReference section */
		59315A502BEBE4BC00CCEFA3 /* XCRemoteSwiftPackageReference "NetWorking-Package" */ = {
			isa = XCRemoteSwiftPackageReference;
			repositoryURL = "https://github.com/AnaIoramashvili/NetWorking-Package";
			requirement = {
				branch = main;
				kind = branch;
			};
		};
/* End XCRemoteSwiftPackageReference section */

/* Begin XCSwiftPackageProductDependency section */
		59315A512BEBE4BC00CCEFA3 /* myNetworkPackage */ = {
			isa = XCSwiftPackageProductDependency;
			package = 59315A502BEBE4BC00CCEFA3 /* XCRemoteSwiftPackageReference "NetWorking-Package" */;
			productName = myNetworkPackage;
		};
/* End XCSwiftPackageProductDependency section */
	};
	rootObject = 59315A262BEBBA8400CCEFA3 /* Project object */;
}
