// !$*UTF8*$!
{
	archiveVersion = 1;
	classes = {
	};
	objectVersion = 56;
	objects = {

/* Begin PBXBuildFile section */
		594B62162BD41E6E00EDC36E /* AppDelegate.swift in Sources */ = {isa = PBXBuildFile; fileRef = 594B62152BD41E6E00EDC36E /* AppDelegate.swift */; };
		594B62182BD41E6E00EDC36E /* SceneDelegate.swift in Sources */ = {isa = PBXBuildFile; fileRef = 594B62172BD41E6E00EDC36E /* SceneDelegate.swift */; };
		594B621A2BD41E6E00EDC36E /* MainViewController.swift in Sources */ = {isa = PBXBuildFile; fileRef = 594B62192BD41E6E00EDC36E /* MainViewController.swift */; };
		594B621F2BD41E6F00EDC36E /* Assets.xcassets in Resources */ = {isa = PBXBuildFile; fileRef = 594B621E2BD41E6F00EDC36E /* Assets.xcassets */; };
		594B62222BD41E6F00EDC36E /* LaunchScreen.storyboard in Resources */ = {isa = PBXBuildFile; fileRef = 594B62202BD41E6F00EDC36E /* LaunchScreen.storyboard */; };
		594B622E2BD4282E00EDC36E /* CountriesCell.swift in Sources */ = {isa = PBXBuildFile; fileRef = 594B622D2BD4282E00EDC36E /* CountriesCell.swift */; };
		59DA519C2BD655D400052001 /* DetailViewController.swift in Sources */ = {isa = PBXBuildFile; fileRef = 59DA519B2BD655D400052001 /* DetailViewController.swift */; };
/* End PBXBuildFile section */

/* Begin PBXFileReference section */
		594B62122BD41E6E00EDC36E /* Assignment18.app */ = {isa = PBXFileReference; explicitFileType = wrapper.application; includeInIndex = 0; path = Assignment18.app; sourceTree = BUILT_PRODUCTS_DIR; };
		594B62152BD41E6E00EDC36E /* AppDelegate.swift */ = {isa = PBXFileReference; lastKnownFileType = sourcecode.swift; path = AppDelegate.swift; sourceTree = "<group>"; };
		594B62172BD41E6E00EDC36E /* SceneDelegate.swift */ = {isa = PBXFileReference; lastKnownFileType = sourcecode.swift; path = SceneDelegate.swift; sourceTree = "<group>"; };
		594B62192BD41E6E00EDC36E /* MainViewController.swift */ = {isa = PBXFileReference; lastKnownFileType = sourcecode.swift; path = MainViewController.swift; sourceTree = "<group>"; };
		594B621E2BD41E6F00EDC36E /* Assets.xcassets */ = {isa = PBXFileReference; lastKnownFileType = folder.assetcatalog; path = Assets.xcassets; sourceTree = "<group>"; };
		594B62212BD41E6F00EDC36E /* Base */ = {isa = PBXFileReference; lastKnownFileType = file.storyboard; name = Base; path = Base.lproj/LaunchScreen.storyboard; sourceTree = "<group>"; };
		594B62232BD41E6F00EDC36E /* Info.plist */ = {isa = PBXFileReference; lastKnownFileType = text.plist.xml; path = Info.plist; sourceTree = "<group>"; };
		594B622D2BD4282E00EDC36E /* CountriesCell.swift */ = {isa = PBXFileReference; lastKnownFileType = sourcecode.swift; path = CountriesCell.swift; sourceTree = "<group>"; };
		59DA519B2BD655D400052001 /* DetailViewController.swift */ = {isa = PBXFileReference; lastKnownFileType = sourcecode.swift; path = DetailViewController.swift; sourceTree = "<group>"; };
/* End PBXFileReference section */

/* Begin PBXFrameworksBuildPhase section */
		594B620F2BD41E6E00EDC36E /* Frameworks */ = {
			isa = PBXFrameworksBuildPhase;
			buildActionMask = 2147483647;
			files = (
			);
			runOnlyForDeploymentPostprocessing = 0;
		};
/* End PBXFrameworksBuildPhase section */

/* Begin PBXGroup section */
		594B62092BD41E6E00EDC36E = {
			isa = PBXGroup;
			children = (
				594B62142BD41E6E00EDC36E /* Assignment18 */,
				594B62132BD41E6E00EDC36E /* Products */,
			);
			sourceTree = "<group>";
		};
		594B62132BD41E6E00EDC36E /* Products */ = {
			isa = PBXGroup;
			children = (
				594B62122BD41E6E00EDC36E /* Assignment18.app */,
			);
			name = Products;
			sourceTree = "<group>";
		};
		594B62142BD41E6E00EDC36E /* Assignment18 */ = {
			isa = PBXGroup;
			children = (
				594B622C2BD4280700EDC36E /* Cells */,
				594B622A2BD4234200EDC36E /* Screens */,
				594B62292BD4233200EDC36E /* LifeCycle */,
				594B622B2BD4235400EDC36E /* Resources */,
			);
			path = Assignment18;
			sourceTree = "<group>";
		};
		594B62292BD4233200EDC36E /* LifeCycle */ = {
			isa = PBXGroup;
			children = (
				594B62152BD41E6E00EDC36E /* AppDelegate.swift */,
				594B62172BD41E6E00EDC36E /* SceneDelegate.swift */,
			);
			path = LifeCycle;
			sourceTree = "<group>";
		};
		594B622A2BD4234200EDC36E /* Screens */ = {
			isa = PBXGroup;
			children = (
				594B62192BD41E6E00EDC36E /* MainViewController.swift */,
				59DA519B2BD655D400052001 /* DetailViewController.swift */,
			);
			path = Screens;
			sourceTree = "<group>";
		};
		594B622B2BD4235400EDC36E /* Resources */ = {
			isa = PBXGroup;
			children = (
				594B621E2BD41E6F00EDC36E /* Assets.xcassets */,
				594B62202BD41E6F00EDC36E /* LaunchScreen.storyboard */,
				594B62232BD41E6F00EDC36E /* Info.plist */,
			);
			path = Resources;
			sourceTree = "<group>";
		};
		594B622C2BD4280700EDC36E /* Cells */ = {
			isa = PBXGroup;
			children = (
				594B622D2BD4282E00EDC36E /* CountriesCell.swift */,
			);
			path = Cells;
			sourceTree = "<group>";
		};
/* End PBXGroup section */

/* Begin PBXNativeTarget section */
		594B62112BD41E6E00EDC36E /* Assignment18 */ = {
			isa = PBXNativeTarget;
			buildConfigurationList = 594B62262BD41E6F00EDC36E /* Build configuration list for PBXNativeTarget "Assignment18" */;
			buildPhases = (
				594B620E2BD41E6E00EDC36E /* Sources */,
				594B620F2BD41E6E00EDC36E /* Frameworks */,
				594B62102BD41E6E00EDC36E /* Resources */,
			);
			buildRules = (
			);
			dependencies = (
			);
			name = Assignment18;
			productName = Assignment18;
			productReference = 594B62122BD41E6E00EDC36E /* Assignment18.app */;
			productType = "com.apple.product-type.application";
		};
/* End PBXNativeTarget section */

/* Begin PBXProject section */
		594B620A2BD41E6E00EDC36E /* Project object */ = {
			isa = PBXProject;
			attributes = {
				BuildIndependentTargetsInParallel = 1;
				LastSwiftUpdateCheck = 1430;
				LastUpgradeCheck = 1430;
				TargetAttributes = {
					594B62112BD41E6E00EDC36E = {
						CreatedOnToolsVersion = 14.3.1;
					};
				};
			};
			buildConfigurationList = 594B620D2BD41E6E00EDC36E /* Build configuration list for PBXProject "Assignment18" */;
			compatibilityVersion = "Xcode 14.0";
			developmentRegion = en;
			hasScannedForEncodings = 0;
			knownRegions = (
				en,
				Base,
			);
			mainGroup = 594B62092BD41E6E00EDC36E;
			productRefGroup = 594B62132BD41E6E00EDC36E /* Products */;
			projectDirPath = "";
			projectRoot = "";
			targets = (
				594B62112BD41E6E00EDC36E /* Assignment18 */,
			);
		};
/* End PBXProject section */

/* Begin PBXResourcesBuildPhase section */
		594B62102BD41E6E00EDC36E /* Resources */ = {
			isa = PBXResourcesBuildPhase;
			buildActionMask = 2147483647;
			files = (
				594B62222BD41E6F00EDC36E /* LaunchScreen.storyboard in Resources */,
				594B621F2BD41E6F00EDC36E /* Assets.xcassets in Resources */,
			);
			runOnlyForDeploymentPostprocessing = 0;
		};
/* End PBXResourcesBuildPhase section */

/* Begin PBXSourcesBuildPhase section */
		594B620E2BD41E6E00EDC36E /* Sources */ = {
			isa = PBXSourcesBuildPhase;
			buildActionMask = 2147483647;
			files = (
				594B621A2BD41E6E00EDC36E /* MainViewController.swift in Sources */,
				594B62162BD41E6E00EDC36E /* AppDelegate.swift in Sources */,
				59DA519C2BD655D400052001 /* DetailViewController.swift in Sources */,
				594B622E2BD4282E00EDC36E /* CountriesCell.swift in Sources */,
				594B62182BD41E6E00EDC36E /* SceneDelegate.swift in Sources */,
			);
			runOnlyForDeploymentPostprocessing = 0;
		};
/* End PBXSourcesBuildPhase section */

/* Begin PBXVariantGroup section */
		594B62202BD41E6F00EDC36E /* LaunchScreen.storyboard */ = {
			isa = PBXVariantGroup;
			children = (
				594B62212BD41E6F00EDC36E /* Base */,
			);
			name = LaunchScreen.storyboard;
			sourceTree = "<group>";
		};
/* End PBXVariantGroup section */

/* Begin XCBuildConfiguration section */
		594B62242BD41E6F00EDC36E /* Debug */ = {
			isa = XCBuildConfiguration;
			buildSettings = {
				ALWAYS_SEARCH_USER_PATHS = NO;
				CLANG_ANALYZER_NONNULL = YES;
				CLANG_ANALYZER_NUMBER_OBJECT_CONVERSION = YES_AGGRESSIVE;
				CLANG_CXX_LANGUAGE_STANDARD = "gnu++20";
				CLANG_ENABLE_MODULES = YES;
				CLANG_ENABLE_OBJC_ARC = YES;
				CLANG_ENABLE_OBJC_WEAK = YES;
				CLANG_WARN_BLOCK_CAPTURE_AUTORELEASING = YES;
				CLANG_WARN_BOOL_CONVERSION = YES;
				CLANG_WARN_COMMA = YES;
				CLANG_WARN_CONSTANT_CONVERSION = YES;
				CLANG_WARN_DEPRECATED_OBJC_IMPLEMENTATIONS = YES;
				CLANG_WARN_DIRECT_OBJC_ISA_USAGE = YES_ERROR;
				CLANG_WARN_DOCUMENTATION_COMMENTS = YES;
				CLANG_WARN_EMPTY_BODY = YES;
				CLANG_WARN_ENUM_CONVERSION = YES;
				CLANG_WARN_INFINITE_RECURSION = YES;
				CLANG_WARN_INT_CONVERSION = YES;
				CLANG_WARN_NON_LITERAL_NULL_CONVERSION = YES;
				CLANG_WARN_OBJC_IMPLICIT_RETAIN_SELF = YES;
				CLANG_WARN_OBJC_LITERAL_CONVERSION = YES;
				CLANG_WARN_OBJC_ROOT_CLASS = YES_ERROR;
				CLANG_WARN_QUOTED_INCLUDE_IN_FRAMEWORK_HEADER = YES;
				CLANG_WARN_RANGE_LOOP_ANALYSIS = YES;
				CLANG_WARN_STRICT_PROTOTYPES = YES;
				CLANG_WARN_SUSPICIOUS_MOVE = YES;
				CLANG_WARN_UNGUARDED_AVAILABILITY = YES_AGGRESSIVE;
				CLANG_WARN_UNREACHABLE_CODE = YES;
				CLANG_WARN__DUPLICATE_METHOD_MATCH = YES;
				COPY_PHASE_STRIP = NO;
				DEBUG_INFORMATION_FORMAT = dwarf;
				ENABLE_STRICT_OBJC_MSGSEND = YES;
				ENABLE_TESTABILITY = YES;
				GCC_C_LANGUAGE_STANDARD = gnu11;
				GCC_DYNAMIC_NO_PIC = NO;
				GCC_NO_COMMON_BLOCKS = YES;
				GCC_OPTIMIZATION_LEVEL = 0;
				GCC_PREPROCESSOR_DEFINITIONS = (
					"DEBUG=1",
					"$(inherited)",
				);
				GCC_WARN_64_TO_32_BIT_CONVERSION = YES;
				GCC_WARN_ABOUT_RETURN_TYPE = YES_ERROR;
				GCC_WARN_UNDECLARED_SELECTOR = YES;
				GCC_WARN_UNINITIALIZED_AUTOS = YES_AGGRESSIVE;
				GCC_WARN_UNUSED_FUNCTION = YES;
				GCC_WARN_UNUSED_VARIABLE = YES;
				IPHONEOS_DEPLOYMENT_TARGET = 16.4;
				MTL_ENABLE_DEBUG_INFO = INCLUDE_SOURCE;
				MTL_FAST_MATH = YES;
				ONLY_ACTIVE_ARCH = YES;
				SDKROOT = iphoneos;
				SWIFT_ACTIVE_COMPILATION_CONDITIONS = DEBUG;
				SWIFT_OPTIMIZATION_LEVEL = "-Onone";
			};
			name = Debug;
		};
		594B62252BD41E6F00EDC36E /* Release */ = {
			isa = XCBuildConfiguration;
			buildSettings = {
				ALWAYS_SEARCH_USER_PATHS = NO;
				CLANG_ANALYZER_NONNULL = YES;
				CLANG_ANALYZER_NUMBER_OBJECT_CONVERSION = YES_AGGRESSIVE;
				CLANG_CXX_LANGUAGE_STANDARD = "gnu++20";
				CLANG_ENABLE_MODULES = YES;
				CLANG_ENABLE_OBJC_ARC = YES;
				CLANG_ENABLE_OBJC_WEAK = YES;
				CLANG_WARN_BLOCK_CAPTURE_AUTORELEASING = YES;
				CLANG_WARN_BOOL_CONVERSION = YES;
				CLANG_WARN_COMMA = YES;
				CLANG_WARN_CONSTANT_CONVERSION = YES;
				CLANG_WARN_DEPRECATED_OBJC_IMPLEMENTATIONS = YES;
				CLANG_WARN_DIRECT_OBJC_ISA_USAGE = YES_ERROR;
				CLANG_WARN_DOCUMENTATION_COMMENTS = YES;
				CLANG_WARN_EMPTY_BODY = YES;
				CLANG_WARN_ENUM_CONVERSION = YES;
				CLANG_WARN_INFINITE_RECURSION = YES;
				CLANG_WARN_INT_CONVERSION = YES;
				CLANG_WARN_NON_LITERAL_NULL_CONVERSION = YES;
				CLANG_WARN_OBJC_IMPLICIT_RETAIN_SELF = YES;
				CLANG_WARN_OBJC_LITERAL_CONVERSION = YES;
				CLANG_WARN_OBJC_ROOT_CLASS = YES_ERROR;
				CLANG_WARN_QUOTED_INCLUDE_IN_FRAMEWORK_HEADER = YES;
				CLANG_WARN_RANGE_LOOP_ANALYSIS = YES;
				CLANG_WARN_STRICT_PROTOTYPES = YES;
				CLANG_WARN_SUSPICIOUS_MOVE = YES;
				CLANG_WARN_UNGUARDED_AVAILABILITY = YES_AGGRESSIVE;
				CLANG_WARN_UNREACHABLE_CODE = YES;
				CLANG_WARN__DUPLICATE_METHOD_MATCH = YES;
				COPY_PHASE_STRIP = NO;
				DEBUG_INFORMATION_FORMAT = "dwarf-with-dsym";
				ENABLE_NS_ASSERTIONS = NO;
				ENABLE_STRICT_OBJC_MSGSEND = YES;
				GCC_C_LANGUAGE_STANDARD = gnu11;
				GCC_NO_COMMON_BLOCKS = YES;
				GCC_WARN_64_TO_32_BIT_CONVERSION = YES;
				GCC_WARN_ABOUT_RETURN_TYPE = YES_ERROR;
				GCC_WARN_UNDECLARED_SELECTOR = YES;
				GCC_WARN_UNINITIALIZED_AUTOS = YES_AGGRESSIVE;
				GCC_WARN_UNUSED_FUNCTION = YES;
				GCC_WARN_UNUSED_VARIABLE = YES;
				IPHONEOS_DEPLOYMENT_TARGET = 16.4;
				MTL_ENABLE_DEBUG_INFO = NO;
				MTL_FAST_MATH = YES;
				SDKROOT = iphoneos;
				SWIFT_COMPILATION_MODE = wholemodule;
				SWIFT_OPTIMIZATION_LEVEL = "-O";
				VALIDATE_PRODUCT = YES;
			};
			name = Release;
		};
		594B62272BD41E6F00EDC36E /* Debug */ = {
			isa = XCBuildConfiguration;
			buildSettings = {
				ASSETCATALOG_COMPILER_APPICON_NAME = AppIcon;
				ASSETCATALOG_COMPILER_GLOBAL_ACCENT_COLOR_NAME = AccentColor;
				CODE_SIGN_STYLE = Automatic;
				CURRENT_PROJECT_VERSION = 1;
				GENERATE_INFOPLIST_FILE = YES;
				INFOPLIST_FILE = Assignment18/Resources/Info.plist;
				INFOPLIST_KEY_UIApplicationSupportsIndirectInputEvents = YES;
				INFOPLIST_KEY_UILaunchStoryboardName = LaunchScreen;
				INFOPLIST_KEY_UISupportedInterfaceOrientations_iPad = "UIInterfaceOrientationPortrait UIInterfaceOrientationPortraitUpsideDown UIInterfaceOrientationLandscapeLeft UIInterfaceOrientationLandscapeRight";
				INFOPLIST_KEY_UISupportedInterfaceOrientations_iPhone = "UIInterfaceOrientationPortrait UIInterfaceOrientationLandscapeLeft UIInterfaceOrientationLandscapeRight";
				LD_RUNPATH_SEARCH_PATHS = (
					"$(inherited)",
					"@executable_path/Frameworks",
				);
				MARKETING_VERSION = 1.0;
				PRODUCT_BUNDLE_IDENTIFIER = com.your.TBC.Assignment18;
				PRODUCT_NAME = "$(TARGET_NAME)";
				SWIFT_EMIT_LOC_STRINGS = YES;
				SWIFT_VERSION = 5.0;
				TARGETED_DEVICE_FAMILY = "1,2";
			};
			name = Debug;
		};
		594B62282BD41E6F00EDC36E /* Release */ = {
			isa = XCBuildConfiguration;
			buildSettings = {
				ASSETCATALOG_COMPILER_APPICON_NAME = AppIcon;
				ASSETCATALOG_COMPILER_GLOBAL_ACCENT_COLOR_NAME = AccentColor;
				CODE_SIGN_STYLE = Automatic;
				CURRENT_PROJECT_VERSION = 1;
				GENERATE_INFOPLIST_FILE = YES;
				INFOPLIST_FILE = Assignment18/Resources/Info.plist;
				INFOPLIST_KEY_UIApplicationSupportsIndirectInputEvents = YES;
				INFOPLIST_KEY_UILaunchStoryboardName = LaunchScreen;
				INFOPLIST_KEY_UISupportedInterfaceOrientations_iPad = "UIInterfaceOrientationPortrait UIInterfaceOrientationPortraitUpsideDown UIInterfaceOrientationLandscapeLeft UIInterfaceOrientationLandscapeRight";
				INFOPLIST_KEY_UISupportedInterfaceOrientations_iPhone = "UIInterfaceOrientationPortrait UIInterfaceOrientationLandscapeLeft UIInterfaceOrientationLandscapeRight";
				LD_RUNPATH_SEARCH_PATHS = (
					"$(inherited)",
					"@executable_path/Frameworks",
				);
				MARKETING_VERSION = 1.0;
				PRODUCT_BUNDLE_IDENTIFIER = com.your.TBC.Assignment18;
				PRODUCT_NAME = "$(TARGET_NAME)";
				SWIFT_EMIT_LOC_STRINGS = YES;
				SWIFT_VERSION = 5.0;
				TARGETED_DEVICE_FAMILY = "1,2";
			};
			name = Release;
		};
/* End XCBuildConfiguration section */

/* Begin XCConfigurationList section */
		594B620D2BD41E6E00EDC36E /* Build configuration list for PBXProject "Assignment18" */ = {
			isa = XCConfigurationList;
			buildConfigurations = (
				594B62242BD41E6F00EDC36E /* Debug */,
				594B62252BD41E6F00EDC36E /* Release */,
			);
			defaultConfigurationIsVisible = 0;
			defaultConfigurationName = Release;
		};
		594B62262BD41E6F00EDC36E /* Build configuration list for PBXNativeTarget "Assignment18" */ = {
			isa = XCConfigurationList;
			buildConfigurations = (
				594B62272BD41E6F00EDC36E /* Debug */,
				594B62282BD41E6F00EDC36E /* Release */,
			);
			defaultConfigurationIsVisible = 0;
			defaultConfigurationName = Release;
		};
/* End XCConfigurationList section */
	};
	rootObject = 594B620A2BD41E6E00EDC36E /* Project object */;
}
